
Microsoft Visual Studio Solution File, Format Version 12.00
# Visual Studio 15
VisualStudioVersion = 15.0.28010.2019
MinimumVisualStudioVersion = 10.0.40219.1
Project("{FAE04EC0-301F-11D3-BF4B-00C04F79EFBC}") = "MedPod", "MedPod.csproj", "{AB951FF1-73F0-42FD-8FB5-A08C19E25C54}"
EndProject
Project("{2150E333-8FDC-42A3-9474-1A3956D46DE8}") = "Solution Items", "Solution Items", "{75BC16AC-19A4-4960-81BD-47E1314A2E9D}"
EndProject
Global
	GlobalSection(SolutionConfigurationPlatforms) = preSolution
		Debug|Any CPU = Debug|Any CPU
		Release|Any CPU = Release|Any CPU
	EndGlobalSection
	GlobalSection(ProjectConfigurationPlatforms) = postSolution
		{AB951FF1-73F0-42FD-8FB5-A08C19E25C54}.Debug|Any CPU.ActiveCfg = Debug|Any CPU
		{AB951FF1-73F0-42FD-8FB5-A08C19E25C54}.Debug|Any CPU.Build.0 = Debug|Any CPU
		{AB951FF1-73F0-42FD-8FB5-A08C19E25C54}.Release|Any CPU.ActiveCfg = Release|Any CPU
		{AB951FF1-73F0-42FD-8FB5-A08C19E25C54}.Release|Any CPU.Build.0 = Release|Any CPU
	EndGlobalSection
	GlobalSection(SolutionProperties) = preSolution
		HideSolutionNode = FALSE
	EndGlobalSection
	GlobalSection(ExtensibilityGlobals) = postSolution
		SolutionGuid = {5D85755A-6D46-4EDD-8B95-6A35B0A7490A}
	EndGlobalSection
EndGlobal
